{
  "name": "demo-fixture",
  "version": "1.0.0",
  "lockfileVersion": 3,
  "requires": true,
  "packages": {
    "": { "name": "demo-fixture", "version": "1.0.0", "dependencies": { "carrier-dep": "1.0.0", "duplicate-dep": "1.0.0", "dynamic-dep": "1.0.0", "vulnerable-dep": "1.0.0" } },
    "node_modules/carrier-dep": { "version": "1.0.0", "dependencies": { "duplicate-dep": "2.0.0", "transitive-vuln": "3.0.0" } },
    "node_modules/carrier-dep/node_modules/duplicate-dep": { "version": "2.0.0" },
    "node_modules/carrier-dep/node_modules/transitive-vuln": { "version": "3.0.0" },
    "node_modules/duplicate-dep": { "version": "1.0.0" },
    "node_modules/dynamic-dep": { "version": "1.0.0" },
    "node_modules/vulnerable-dep": { "version": "1.0.0" }
  }
}
