{
  "name": "demo-attack-fixture",
  "version": "1.0.0",
  "lockfileVersion": 3,
  "requires": true,
  "packages": {
    "": { "name": "demo-attack-fixture", "version": "1.0.0", "dependencies": { "axios": "^1.14.1" } },
    "node_modules/axios": { "version": "1.14.1", "resolved": "https://registry.npmjs.org/axios/-/axios-1.14.1.tgz", "dependencies": { "plain-crypto-js": "1.0.1" } },
    "node_modules/plain-crypto-js": { "version": "1.0.1", "resolved": "https://registry.npmjs.org/plain-crypto-js/-/plain-crypto-js-1.0.1.tgz" }
  }
}
